
Microsoft Visual Studio Solution File, Format Version 12.00
# Visual Studio Version 17
VisualStudioVersion = 17.4.33213.308
MinimumVisualStudioVersion = 10.0.40219.1
Project("{FAE04EC0-301F-11D3-BF4B-00C04F79EFBC}") = "COMP003B.Assignment3", "COMP003B.Assignment3\COMP003B.Assignment3.csproj", "{94BF7C02-CD0D-4B8D-96FD-2CDBFFB1A99C}"
EndProject
Global
	GlobalSection(SolutionConfigurationPlatforms) = preSolution
		Debug|Any CPU = Debug|Any CPU
		Release|Any CPU = Release|Any CPU
	EndGlobalSection
	GlobalSection(ProjectConfigurationPlatforms) = postSolution
		{94BF7C02-CD0D-4B8D-96FD-2CDBFFB1A99C}.Debug|Any CPU.ActiveCfg = Debug|Any CPU
		{94BF7C02-CD0D-4B8D-96FD-2CDBFFB1A99C}.Debug|Any CPU.Build.0 = Debug|Any CPU
		{94BF7C02-CD0D-4B8D-96FD-2CDBFFB1A99C}.Release|Any CPU.ActiveCfg = Release|Any CPU
		{94BF7C02-CD0D-4B8D-96FD-2CDBFFB1A99C}.Release|Any CPU.Build.0 = Release|Any CPU
	EndGlobalSection
	GlobalSection(SolutionProperties) = preSolution
		HideSolutionNode = FALSE
	EndGlobalSection
	GlobalSection(ExtensibilityGlobals) = postSolution
		SolutionGuid = {2DC3A573-C93A-4E64-8479-0AD0842B1F24}
	EndGlobalSection
EndGlobal
